// !$*UTF8*$!
{
	archiveVersion = 1;
	classes = {
	};
	objectVersion = 46;
	objects = {

/* Begin PBXBuildFile section */
		8501263E1E9A76D500C7A365 /* AppDelegate.swift in Sources */ = {isa = PBXBuildFile; fileRef = 8501263D1E9A76D500C7A365 /* AppDelegate.swift */; };
		850126401E9A76D500C7A365 /* ViewController.swift in Sources */ = {isa = PBXBuildFile; fileRef = 8501263F1E9A76D500C7A365 /* ViewController.swift */; };
		850126431E9A76D500C7A365 /* Main.storyboard in Resources */ = {isa = PBXBuildFile; fileRef = 850126411E9A76D500C7A365 /* Main.storyboard */; };
		850126451E9A76D500C7A365 /* Assets.xcassets in Resources */ = {isa = PBXBuildFile; fileRef = 850126441E9A76D500C7A365 /* Assets.xcassets */; };
		850126481E9A76D500C7A365 /* LaunchScreen.storyboard in Resources */ = {isa = PBXBuildFile; fileRef = 850126461E9A76D500C7A365 /* LaunchScreen.storyboard */; };
		850126521E9A811600C7A365 /* NetworkExtension.framework in Frameworks */ = {isa = PBXBuildFile; fileRef = 850126511E9A811600C7A365 /* NetworkExtension.framework */; };
		850126541E9A821B00C7A365 /* vpnmanager.swift in Sources */ = {isa = PBXBuildFile; fileRef = 850126531E9A821B00C7A365 /* vpnmanager.swift */; };
		850126561E9A844E00C7A365 /* keychainservice.swift in Sources */ = {isa = PBXBuildFile; fileRef = 850126551E9A844E00C7A365 /* keychainservice.swift */; };
/* End PBXBuildFile section */

/* Begin PBXFileReference section */
		8501263A1E9A76D500C7A365 /* ipsecvpn.app */ = {isa = PBXFileReference; explicitFileType = wrapper.application; includeInIndex = 0; path = ipsecvpn.app; sourceTree = BUILT_PRODUCTS_DIR; };
		8501263D1E9A76D500C7A365 /* AppDelegate.swift */ = {isa = PBXFileReference; lastKnownFileType = sourcecode.swift; path = AppDelegate.swift; sourceTree = "<group>"; };
		8501263F1E9A76D500C7A365 /* ViewController.swift */ = {isa = PBXFileReference; lastKnownFileType = sourcecode.swift; path = ViewController.swift; sourceTree = "<group>"; };
		850126421E9A76D500C7A365 /* Base */ = {isa = PBXFileReference; lastKnownFileType = file.storyboard; name = Base; path = Base.lproj/Main.storyboard; sourceTree = "<group>"; };
		850126441E9A76D500C7A365 /* Assets.xcassets */ = {isa = PBXFileReference; lastKnownFileType = folder.assetcatalog; path = Assets.xcassets; sourceTree = "<group>"; };
		850126471E9A76D500C7A365 /* Base */ = {isa = PBXFileReference; lastKnownFileType = file.storyboard; name = Base; path = Base.lproj/LaunchScreen.storyboard; sourceTree = "<group>"; };
		850126491E9A76D500C7A365 /* Info.plist */ = {isa = PBXFileReference; lastKnownFileType = text.plist.xml; path = Info.plist; sourceTree = "<group>"; };
		8501264F1E9A810B00C7A365 /* ipsecvpn.entitlements */ = {isa = PBXFileReference; lastKnownFileType = text.plist.entitlements; path = ipsecvpn.entitlements; sourceTree = "<group>"; };
		850126511E9A811600C7A365 /* NetworkExtension.framework */ = {isa = PBXFileReference; lastKnownFileType = wrapper.framework; name = NetworkExtension.framework; path = System/Library/Frameworks/NetworkExtension.framework; sourceTree = SDKROOT; };
		850126531E9A821B00C7A365 /* vpnmanager.swift */ = {isa = PBXFileReference; fileEncoding = 4; lastKnownFileType = sourcecode.swift; path = vpnmanager.swift; sourceTree = "<group>"; };
		850126551E9A844E00C7A365 /* keychainservice.swift */ = {isa = PBXFileReference; fileEncoding = 4; lastKnownFileType = sourcecode.swift; path = keychainservice.swift; sourceTree = "<group>"; };
/* End PBXFileReference section */

/* Begin PBXFrameworksBuildPhase section */
		850126371E9A76D500C7A365 /* Frameworks */ = {
			isa = PBXFrameworksBuildPhase;
			buildActionMask = 2147483647;
			files = (
				850126521E9A811600C7A365 /* NetworkExtension.framework in Frameworks */,
			);
			runOnlyForDeploymentPostprocessing = 0;
		};
/* End PBXFrameworksBuildPhase section */

/* Begin PBXGroup section */
		850126311E9A76D400C7A365 = {
			isa = PBXGroup;
			children = (
				8501263C1E9A76D500C7A365 /* ipsecvpn */,
				8501263B1E9A76D500C7A365 /* Products */,
				850126501E9A811600C7A365 /* Frameworks */,
			);
			sourceTree = "<group>";
		};
		8501263B1E9A76D500C7A365 /* Products */ = {
			isa = PBXGroup;
			children = (
				8501263A1E9A76D500C7A365 /* ipsecvpn.app */,
			);
			name = Products;
			sourceTree = "<group>";
		};
		8501263C1E9A76D500C7A365 /* ipsecvpn */ = {
			isa = PBXGroup;
			children = (
				8501264F1E9A810B00C7A365 /* ipsecvpn.entitlements */,
				8501263D1E9A76D500C7A365 /* AppDelegate.swift */,
				8501263F1E9A76D500C7A365 /* ViewController.swift */,
				850126531E9A821B00C7A365 /* vpnmanager.swift */,
				850126551E9A844E00C7A365 /* keychainservice.swift */,
				850126411E9A76D500C7A365 /* Main.storyboard */,
				850126441E9A76D500C7A365 /* Assets.xcassets */,
				850126461E9A76D500C7A365 /* LaunchScreen.storyboard */,
				850126491E9A76D500C7A365 /* Info.plist */,
			);
			path = ipsecvpn;
			sourceTree = "<group>";
		};
		850126501E9A811600C7A365 /* Frameworks */ = {
			isa = PBXGroup;
			children = (
				850126511E9A811600C7A365 /* NetworkExtension.framework */,
			);
			name = Frameworks;
			sourceTree = "<group>";
		};
/* End PBXGroup section */

/* Begin PBXNativeTarget section */
		850126391E9A76D500C7A365 /* ipsecvpn */ = {
			isa = PBXNativeTarget;
			buildConfigurationList = 8501264C1E9A76D500C7A365 /* Build configuration list for PBXNativeTarget "ipsecvpn" */;
			buildPhases = (
				850126361E9A76D500C7A365 /* Sources */,
				850126371E9A76D500C7A365 /* Frameworks */,
				850126381E9A76D500C7A365 /* Resources */,
			);
			buildRules = (
			);
			dependencies = (
			);
			name = ipsecvpn;
			productName = ipsecvpn;
			productReference = 8501263A1E9A76D500C7A365 /* ipsecvpn.app */;
			productType = "com.apple.product-type.application";
		};
/* End PBXNativeTarget section */

/* Begin PBXProject section */
		850126321E9A76D500C7A365 /* Project object */ = {
			isa = PBXProject;
			attributes = {
				LastSwiftUpdateCheck = 0830;
				LastUpgradeCheck = 0830;
				ORGANIZATIONNAME = Emergnz;
				TargetAttributes = {
					850126391E9A76D500C7A365 = {
						CreatedOnToolsVersion = 8.3;
						DevelopmentTeam = 9J6BEX933C;
						ProvisioningStyle = Automatic;
						SystemCapabilities = {
							com.apple.Keychain = {
								enabled = 1;
							};
							com.apple.VPNLite = {
								enabled = 1;
							};
						};
					};
				};
			};
			buildConfigurationList = 850126351E9A76D500C7A365 /* Build configuration list for PBXProject "ipsecvpn" */;
			compatibilityVersion = "Xcode 3.2";
			developmentRegion = English;
			hasScannedForEncodings = 0;
			knownRegions = (
				en,
				Base,
			);
			mainGroup = 850126311E9A76D400C7A365;
			productRefGroup = 8501263B1E9A76D500C7A365 /* Products */;
			projectDirPath = "";
			projectRoot = "";
			targets = (
				850126391E9A76D500C7A365 /* ipsecvpn */,
			);
		};
/* End PBXProject section */

/* Begin PBXResourcesBuildPhase section */
		850126381E9A76D500C7A365 /* Resources */ = {
			isa = PBXResourcesBuildPhase;
			buildActionMask = 2147483647;
			files = (
				850126481E9A76D500C7A365 /* LaunchScreen.storyboard in Resources */,
				850126451E9A76D500C7A365 /* Assets.xcassets in Resources */,
				850126431E9A76D500C7A365 /* Main.storyboard in Resources */,
			);
			runOnlyForDeploymentPostprocessing = 0;
		};
/* End PBXResourcesBuildPhase section */

/* Begin PBXSourcesBuildPhase section */
		850126361E9A76D500C7A365 /* Sources */ = {
			isa = PBXSourcesBuildPhase;
			buildActionMask = 2147483647;
			files = (
				850126401E9A76D500C7A365 /* ViewController.swift in Sources */,
				850126561E9A844E00C7A365 /* keychainservice.swift in Sources */,
				850126541E9A821B00C7A365 /* vpnmanager.swift in Sources */,
				8501263E1E9A76D500C7A365 /* AppDelegate.swift in Sources */,
			);
			runOnlyForDeploymentPostprocessing = 0;
		};
/* End PBXSourcesBuildPhase section */

/* Begin PBXVariantGroup section */
		850126411E9A76D500C7A365 /* Main.storyboard */ = {
			isa = PBXVariantGroup;
			children = (
				850126421E9A76D500C7A365 /* Base */,
			);
			name = Main.storyboard;
			sourceTree = "<group>";
		};
		850126461E9A76D500C7A365 /* LaunchScreen.storyboard */ = {
			isa = PBXVariantGroup;
			children = (
				850126471E9A76D500C7A365 /* Base */,
			);
			name = LaunchScreen.storyboard;
			sourceTree = "<group>";
		};
/* End PBXVariantGroup section */

/* Begin XCBuildConfiguration section */
		8501264A1E9A76D500C7A365 /* Debug */ = {
			isa = XCBuildConfiguration;
			buildSettings = {
				ALWAYS_SEARCH_USER_PATHS = NO;
				CLANG_ANALYZER_NONNULL = YES;
				CLANG_ANALYZER_NUMBER_OBJECT_CONVERSION = YES_AGGRESSIVE;
				CLANG_CXX_LANGUAGE_STANDARD = "gnu++0x";
				CLANG_CXX_LIBRARY = "libc++";
				CLANG_ENABLE_MODULES = YES;
				CLANG_ENABLE_OBJC_ARC = YES;
				CLANG_WARN_BOOL_CONVERSION = YES;
				CLANG_WARN_CONSTANT_CONVERSION = YES;
				CLANG_WARN_DIRECT_OBJC_ISA_USAGE = YES_ERROR;
				CLANG_WARN_DOCUMENTATION_COMMENTS = YES;
				CLANG_WARN_EMPTY_BODY = YES;
				CLANG_WARN_ENUM_CONVERSION = YES;
				CLANG_WARN_INFINITE_RECURSION = YES;
				CLANG_WARN_INT_CONVERSION = YES;
				CLANG_WARN_OBJC_ROOT_CLASS = YES_ERROR;
				CLANG_WARN_SUSPICIOUS_MOVE = YES;
				CLANG_WARN_UNREACHABLE_CODE = YES;
				CLANG_WARN__DUPLICATE_METHOD_MATCH = YES;
				"CODE_SIGN_IDENTITY[sdk=iphoneos*]" = "iPhone Developer";
				COPY_PHASE_STRIP = NO;
				DEBUG_INFORMATION_FORMAT = dwarf;
				ENABLE_STRICT_OBJC_MSGSEND = YES;
				ENABLE_TESTABILITY = YES;
				GCC_C_LANGUAGE_STANDARD = gnu99;
				GCC_DYNAMIC_NO_PIC = NO;
				GCC_NO_COMMON_BLOCKS = YES;
				GCC_OPTIMIZATION_LEVEL = 0;
				GCC_PREPROCESSOR_DEFINITIONS = (
					"DEBUG=1",
					"$(inherited)",
				);
				GCC_WARN_64_TO_32_BIT_CONVERSION = YES;
				GCC_WARN_ABOUT_RETURN_TYPE = YES_ERROR;
				GCC_WARN_UNDECLARED_SELECTOR = YES;
				GCC_WARN_UNINITIALIZED_AUTOS = YES_AGGRESSIVE;
				GCC_WARN_UNUSED_FUNCTION = YES;
				GCC_WARN_UNUSED_VARIABLE = YES;
				IPHONEOS_DEPLOYMENT_TARGET = 10.3;
				MTL_ENABLE_DEBUG_INFO = YES;
				ONLY_ACTIVE_ARCH = YES;
				SDKROOT = iphoneos;
				SWIFT_ACTIVE_COMPILATION_CONDITIONS = DEBUG;
				SWIFT_OPTIMIZATION_LEVEL = "-Onone";
			};
			name = Debug;
		};
		8501264B1E9A76D500C7A365 /* Release */ = {
			isa = XCBuildConfiguration;
			buildSettings = {
				ALWAYS_SEARCH_USER_PATHS = NO;
				CLANG_ANALYZER_NONNULL = YES;
				CLANG_ANALYZER_NUMBER_OBJECT_CONVERSION = YES_AGGRESSIVE;
				CLANG_CXX_LANGUAGE_STANDARD = "gnu++0x";
				CLANG_CXX_LIBRARY = "libc++";
				CLANG_ENABLE_MODULES = YES;
				CLANG_ENABLE_OBJC_ARC = YES;
				CLANG_WARN_BOOL_CONVERSION = YES;
				CLANG_WARN_CONSTANT_CONVERSION = YES;
				CLANG_WARN_DIRECT_OBJC_ISA_USAGE = YES_ERROR;
				CLANG_WARN_DOCUMENTATION_COMMENTS = YES;
				CLANG_WARN_EMPTY_BODY = YES;
				CLANG_WARN_ENUM_CONVERSION = YES;
				CLANG_WARN_INFINITE_RECURSION = YES;
				CLANG_WARN_INT_CONVERSION = YES;
				CLANG_WARN_OBJC_ROOT_CLASS = YES_ERROR;
				CLANG_WARN_SUSPICIOUS_MOVE = YES;
				CLANG_WARN_UNREACHABLE_CODE = YES;
				CLANG_WARN__DUPLICATE_METHOD_MATCH = YES;
				"CODE_SIGN_IDENTITY[sdk=iphoneos*]" = "iPhone Developer";
				COPY_PHASE_STRIP = NO;
				DEBUG_INFORMATION_FORMAT = "dwarf-with-dsym";
				ENABLE_NS_ASSERTIONS = NO;
				ENABLE_STRICT_OBJC_MSGSEND = YES;
				GCC_C_LANGUAGE_STANDARD = gnu99;
				GCC_NO_COMMON_BLOCKS = YES;
				GCC_WARN_64_TO_32_BIT_CONVERSION = YES;
				GCC_WARN_ABOUT_RETURN_TYPE = YES_ERROR;
				GCC_WARN_UNDECLARED_SELECTOR = YES;
				GCC_WARN_UNINITIALIZED_AUTOS = YES_AGGRESSIVE;
				GCC_WARN_UNUSED_FUNCTION = YES;
				GCC_WARN_UNUSED_VARIABLE = YES;
				IPHONEOS_DEPLOYMENT_TARGET = 10.3;
				MTL_ENABLE_DEBUG_INFO = NO;
				SDKROOT = iphoneos;
				SWIFT_OPTIMIZATION_LEVEL = "-Owholemodule";
				VALIDATE_PRODUCT = YES;
			};
			name = Release;
		};
		8501264D1E9A76D500C7A365 /* Debug */ = {
			isa = XCBuildConfiguration;
			buildSettings = {
				ASSETCATALOG_COMPILER_APPICON_NAME = AppIcon;
				CODE_SIGN_ENTITLEMENTS = ipsecvpn/ipsecvpn.entitlements;
				"CODE_SIGN_IDENTITY[sdk=iphoneos*]" = "iPhone Developer";
				DEVELOPMENT_TEAM = 9J6BEX933C;
				INFOPLIST_FILE = ipsecvpn/Info.plist;
				LD_RUNPATH_SEARCH_PATHS = "$(inherited) @executable_path/Frameworks";
				PRODUCT_BUNDLE_IDENTIFIER = com.emergnz.ipsecvpn;
				PRODUCT_NAME = "$(TARGET_NAME)";
				PROVISIONING_PROFILE = "";
				PROVISIONING_PROFILE_SPECIFIER = "";
				SWIFT_VERSION = 3.0;
			};
			name = Debug;
		};
		8501264E1E9A76D500C7A365 /* Release */ = {
			isa = XCBuildConfiguration;
			buildSettings = {
				ASSETCATALOG_COMPILER_APPICON_NAME = AppIcon;
				CODE_SIGN_ENTITLEMENTS = ipsecvpn/ipsecvpn.entitlements;
				"CODE_SIGN_IDENTITY[sdk=iphoneos*]" = "iPhone Developer";
				DEVELOPMENT_TEAM = 9J6BEX933C;
				INFOPLIST_FILE = ipsecvpn/Info.plist;
				LD_RUNPATH_SEARCH_PATHS = "$(inherited) @executable_path/Frameworks";
				PRODUCT_BUNDLE_IDENTIFIER = com.emergnz.ipsecvpn;
				PRODUCT_NAME = "$(TARGET_NAME)";
				PROVISIONING_PROFILE = "";
				PROVISIONING_PROFILE_SPECIFIER = "";
				SWIFT_VERSION = 3.0;
			};
			name = Release;
		};
/* End XCBuildConfiguration section */

/* Begin XCConfigurationList section */
		850126351E9A76D500C7A365 /* Build configuration list for PBXProject "ipsecvpn" */ = {
			isa = XCConfigurationList;
			buildConfigurations = (
				8501264A1E9A76D500C7A365 /* Debug */,
				8501264B1E9A76D500C7A365 /* Release */,
			);
			defaultConfigurationIsVisible = 0;
			defaultConfigurationName = Release;
		};
		8501264C1E9A76D500C7A365 /* Build configuration list for PBXNativeTarget "ipsecvpn" */ = {
			isa = XCConfigurationList;
			buildConfigurations = (
				8501264D1E9A76D500C7A365 /* Debug */,
				8501264E1E9A76D500C7A365 /* Release */,
			);
			defaultConfigurationIsVisible = 0;
			defaultConfigurationName = Release;
		};
/* End XCConfigurationList section */
	};
	rootObject = 850126321E9A76D500C7A365 /* Project object */;
}
